// !$*UTF8*$!
{
	archiveVersion = 1;
	classes = {
	};
	objectVersion = 50;
	objects = {

/* Begin PBXBuildFile section */
		D8266A9D24055FD80086F93F /* AppDelegate.swift in Sources */ = {isa = PBXBuildFile; fileRef = D8266A9C24055FD80086F93F /* AppDelegate.swift */; };
		D8266A9F24055FD80086F93F /* SceneDelegate.swift in Sources */ = {isa = PBXBuildFile; fileRef = D8266A9E24055FD80086F93F /* SceneDelegate.swift */; };
		D8266AA124055FD80086F93F /* ReposViewController.swift in Sources */ = {isa = PBXBuildFile; fileRef = D8266AA024055FD80086F93F /* ReposViewController.swift */; };
		D8266AA424055FD80086F93F /* Main.storyboard in Resources */ = {isa = PBXBuildFile; fileRef = D8266AA224055FD80086F93F /* Main.storyboard */; };
		D8266AA624055FD90086F93F /* Assets.xcassets in Resources */ = {isa = PBXBuildFile; fileRef = D8266AA524055FD90086F93F /* Assets.xcassets */; };
		D8266AA924055FD90086F93F /* LaunchScreen.storyboard in Resources */ = {isa = PBXBuildFile; fileRef = D8266AA724055FD90086F93F /* LaunchScreen.storyboard */; };
		D8266AB424055FDA0086F93F /* MVVM_ExampleTests.swift in Sources */ = {isa = PBXBuildFile; fileRef = D8266AB324055FDA0086F93F /* MVVM_ExampleTests.swift */; };
		D845A3352407F2B800B22E14 /* ReposViewModel.swift in Sources */ = {isa = PBXBuildFile; fileRef = D845A3342407F2B800B22E14 /* ReposViewModel.swift */; };
		D845A3372407F2C400B22E14 /* Repo.swift in Sources */ = {isa = PBXBuildFile; fileRef = D845A3362407F2C400B22E14 /* Repo.swift */; };
/* End PBXBuildFile section */

/* Begin PBXContainerItemProxy section */
		D8266AB024055FDA0086F93F /* PBXContainerItemProxy */ = {
			isa = PBXContainerItemProxy;
			containerPortal = D8266A9124055FD80086F93F /* Project object */;
			proxyType = 1;
			remoteGlobalIDString = D8266A9824055FD80086F93F;
			remoteInfo = "MVVM-Example";
		};
/* End PBXContainerItemProxy section */

/* Begin PBXFileReference section */
		D8266A9924055FD80086F93F /* MVVM-Example.app */ = {isa = PBXFileReference; explicitFileType = wrapper.application; includeInIndex = 0; path = "MVVM-Example.app"; sourceTree = BUILT_PRODUCTS_DIR; };
		D8266A9C24055FD80086F93F /* AppDelegate.swift */ = {isa = PBXFileReference; lastKnownFileType = sourcecode.swift; path = AppDelegate.swift; sourceTree = "<group>"; };
		D8266A9E24055FD80086F93F /* SceneDelegate.swift */ = {isa = PBXFileReference; lastKnownFileType = sourcecode.swift; path = SceneDelegate.swift; sourceTree = "<group>"; };
		D8266AA024055FD80086F93F /* ReposViewController.swift */ = {isa = PBXFileReference; lastKnownFileType = sourcecode.swift; path = ReposViewController.swift; sourceTree = "<group>"; };
		D8266AA324055FD80086F93F /* Base */ = {isa = PBXFileReference; lastKnownFileType = file.storyboard; name = Base; path = Base.lproj/Main.storyboard; sourceTree = "<group>"; };
		D8266AA524055FD90086F93F /* Assets.xcassets */ = {isa = PBXFileReference; lastKnownFileType = folder.assetcatalog; path = Assets.xcassets; sourceTree = "<group>"; };
		D8266AA824055FD90086F93F /* Base */ = {isa = PBXFileReference; lastKnownFileType = file.storyboard; name = Base; path = Base.lproj/LaunchScreen.storyboard; sourceTree = "<group>"; };
		D8266AAA24055FD90086F93F /* Info.plist */ = {isa = PBXFileReference; lastKnownFileType = text.plist.xml; path = Info.plist; sourceTree = "<group>"; };
		D8266AAF24055FDA0086F93F /* MVVM-ExampleTests.xctest */ = {isa = PBXFileReference; explicitFileType = wrapper.cfbundle; includeInIndex = 0; path = "MVVM-ExampleTests.xctest"; sourceTree = BUILT_PRODUCTS_DIR; };
		D8266AB324055FDA0086F93F /* MVVM_ExampleTests.swift */ = {isa = PBXFileReference; lastKnownFileType = sourcecode.swift; path = MVVM_ExampleTests.swift; sourceTree = "<group>"; };
		D8266AB524055FDA0086F93F /* Info.plist */ = {isa = PBXFileReference; lastKnownFileType = text.plist.xml; path = Info.plist; sourceTree = "<group>"; };
		D845A3342407F2B800B22E14 /* ReposViewModel.swift */ = {isa = PBXFileReference; lastKnownFileType = sourcecode.swift; path = ReposViewModel.swift; sourceTree = "<group>"; };
		D845A3362407F2C400B22E14 /* Repo.swift */ = {isa = PBXFileReference; lastKnownFileType = sourcecode.swift; path = Repo.swift; sourceTree = "<group>"; };
/* End PBXFileReference section */

/* Begin PBXFrameworksBuildPhase section */
		D8266A9624055FD80086F93F /* Frameworks */ = {
			isa = PBXFrameworksBuildPhase;
			buildActionMask = 2147483647;
			files = (
			);
			runOnlyForDeploymentPostprocessing = 0;
		};
		D8266AAC24055FDA0086F93F /* Frameworks */ = {
			isa = PBXFrameworksBuildPhase;
			buildActionMask = 2147483647;
			files = (
			);
			runOnlyForDeploymentPostprocessing = 0;
		};
/* End PBXFrameworksBuildPhase section */

/* Begin PBXGroup section */
		D8266A9024055FD80086F93F = {
			isa = PBXGroup;
			children = (
				D8266A9B24055FD80086F93F /* MVVM-Example */,
				D8266AB224055FDA0086F93F /* MVVM-ExampleTests */,
				D8266A9A24055FD80086F93F /* Products */,
			);
			sourceTree = "<group>";
		};
		D8266A9A24055FD80086F93F /* Products */ = {
			isa = PBXGroup;
			children = (
				D8266A9924055FD80086F93F /* MVVM-Example.app */,
				D8266AAF24055FDA0086F93F /* MVVM-ExampleTests.xctest */,
			);
			name = Products;
			sourceTree = "<group>";
		};
		D8266A9B24055FD80086F93F /* MVVM-Example */ = {
			isa = PBXGroup;
			children = (
				D8266A9C24055FD80086F93F /* AppDelegate.swift */,
				D8266AC12405604F0086F93F /* Models */,
				D8266AC0240560450086F93F /* ViewModels */,
				D8266ABF2405603A0086F93F /* Views */,
				D8266ABE240560230086F93F /* Supporting Files */,
			);
			path = "MVVM-Example";
			sourceTree = "<group>";
		};
		D8266AB224055FDA0086F93F /* MVVM-ExampleTests */ = {
			isa = PBXGroup;
			children = (
				D8266AB324055FDA0086F93F /* MVVM_ExampleTests.swift */,
				D8266AB524055FDA0086F93F /* Info.plist */,
			);
			path = "MVVM-ExampleTests";
			sourceTree = "<group>";
		};
		D8266ABE240560230086F93F /* Supporting Files */ = {
			isa = PBXGroup;
			children = (
				D8266A9E24055FD80086F93F /* SceneDelegate.swift */,
				D8266AA224055FD80086F93F /* Main.storyboard */,
				D8266AA524055FD90086F93F /* Assets.xcassets */,
				D8266AA724055FD90086F93F /* LaunchScreen.storyboard */,
				D8266AAA24055FD90086F93F /* Info.plist */,
			);
			path = "Supporting Files";
			sourceTree = "<group>";
		};
		D8266ABF2405603A0086F93F /* Views */ = {
			isa = PBXGroup;
			children = (
				D8266AA024055FD80086F93F /* ReposViewController.swift */,
			);
			path = Views;
			sourceTree = "<group>";
		};
		D8266AC0240560450086F93F /* ViewModels */ = {
			isa = PBXGroup;
			children = (
				D845A3342407F2B800B22E14 /* ReposViewModel.swift */,
			);
			path = ViewModels;
			sourceTree = "<group>";
		};
		D8266AC12405604F0086F93F /* Models */ = {
			isa = PBXGroup;
			children = (
				D845A3362407F2C400B22E14 /* Repo.swift */,
			);
			path = Models;
			sourceTree = "<group>";
		};
/* End PBXGroup section */

/* Begin PBXNativeTarget section */
		D8266A9824055FD80086F93F /* MVVM-Example */ = {
			isa = PBXNativeTarget;
			buildConfigurationList = D8266AB824055FDA0086F93F /* Build configuration list for PBXNativeTarget "MVVM-Example" */;
			buildPhases = (
				D8266A9524055FD80086F93F /* Sources */,
				D8266A9624055FD80086F93F /* Frameworks */,
				D8266A9724055FD80086F93F /* Resources */,
			);
			buildRules = (
			);
			dependencies = (
			);
			name = "MVVM-Example";
			productName = "MVVM-Example";
			productReference = D8266A9924055FD80086F93F /* MVVM-Example.app */;
			productType = "com.apple.product-type.application";
		};
		D8266AAE24055FDA0086F93F /* MVVM-ExampleTests */ = {
			isa = PBXNativeTarget;
			buildConfigurationList = D8266ABB24055FDA0086F93F /* Build configuration list for PBXNativeTarget "MVVM-ExampleTests" */;
			buildPhases = (
				D8266AAB24055FDA0086F93F /* Sources */,
				D8266AAC24055FDA0086F93F /* Frameworks */,
				D8266AAD24055FDA0086F93F /* Resources */,
			);
			buildRules = (
			);
			dependencies = (
				D8266AB124055FDA0086F93F /* PBXTargetDependency */,
			);
			name = "MVVM-ExampleTests";
			productName = "MVVM-ExampleTests";
			productReference = D8266AAF24055FDA0086F93F /* MVVM-ExampleTests.xctest */;
			productType = "com.apple.product-type.bundle.unit-test";
		};
/* End PBXNativeTarget section */

/* Begin PBXProject section */
		D8266A9124055FD80086F93F /* Project object */ = {
			isa = PBXProject;
			attributes = {
				LastSwiftUpdateCheck = 1130;
				LastUpgradeCheck = 1130;
				ORGANIZATIONNAME = "Amr Abdelaal";
				TargetAttributes = {
					D8266A9824055FD80086F93F = {
						CreatedOnToolsVersion = 11.3.1;
					};
					D8266AAE24055FDA0086F93F = {
						CreatedOnToolsVersion = 11.3.1;
						TestTargetID = D8266A9824055FD80086F93F;
					};
				};
			};
			buildConfigurationList = D8266A9424055FD80086F93F /* Build configuration list for PBXProject "MVVM-Example" */;
			compatibilityVersion = "Xcode 9.3";
			developmentRegion = en;
			hasScannedForEncodings = 0;
			knownRegions = (
				en,
				Base,
			);
			mainGroup = D8266A9024055FD80086F93F;
			productRefGroup = D8266A9A24055FD80086F93F /* Products */;
			projectDirPath = "";
			projectRoot = "";
			targets = (
				D8266A9824055FD80086F93F /* MVVM-Example */,
				D8266AAE24055FDA0086F93F /* MVVM-ExampleTests */,
			);
		};
/* End PBXProject section */

/* Begin PBXResourcesBuildPhase section */
		D8266A9724055FD80086F93F /* Resources */ = {
			isa = PBXResourcesBuildPhase;
			buildActionMask = 2147483647;
			files = (
				D8266AA924055FD90086F93F /* LaunchScreen.storyboard in Resources */,
				D8266AA624055FD90086F93F /* Assets.xcassets in Resources */,
				D8266AA424055FD80086F93F /* Main.storyboard in Resources */,
			);
			runOnlyForDeploymentPostprocessing = 0;
		};
		D8266AAD24055FDA0086F93F /* Resources */ = {
			isa = PBXResourcesBuildPhase;
			buildActionMask = 2147483647;
			files = (
			);
			runOnlyForDeploymentPostprocessing = 0;
		};
/* End PBXResourcesBuildPhase section */

/* Begin PBXSourcesBuildPhase section */
		D8266A9524055FD80086F93F /* Sources */ = {
			isa = PBXSourcesBuildPhase;
			buildActionMask = 2147483647;
			files = (
				D845A3352407F2B800B22E14 /* ReposViewModel.swift in Sources */,
				D8266AA124055FD80086F93F /* ReposViewController.swift in Sources */,
				D845A3372407F2C400B22E14 /* Repo.swift in Sources */,
				D8266A9D24055FD80086F93F /* AppDelegate.swift in Sources */,
				D8266A9F24055FD80086F93F /* SceneDelegate.swift in Sources */,
			);
			runOnlyForDeploymentPostprocessing = 0;
		};
		D8266AAB24055FDA0086F93F /* Sources */ = {
			isa = PBXSourcesBuildPhase;
			buildActionMask = 2147483647;
			files = (
				D8266AB424055FDA0086F93F /* MVVM_ExampleTests.swift in Sources */,
			);
			runOnlyForDeploymentPostprocessing = 0;
		};
/* End PBXSourcesBuildPhase section */

/* Begin PBXTargetDependency section */
		D8266AB124055FDA0086F93F /* PBXTargetDependency */ = {
			isa = PBXTargetDependency;
			target = D8266A9824055FD80086F93F /* MVVM-Example */;
			targetProxy = D8266AB024055FDA0086F93F /* PBXContainerItemProxy */;
		};
/* End PBXTargetDependency section */

/* Begin PBXVariantGroup section */
		D8266AA224055FD80086F93F /* Main.storyboard */ = {
			isa = PBXVariantGroup;
			children = (
				D8266AA324055FD80086F93F /* Base */,
			);
			name = Main.storyboard;
			sourceTree = "<group>";
		};
		D8266AA724055FD90086F93F /* LaunchScreen.storyboard */ = {
			isa = PBXVariantGroup;
			children = (
				D8266AA824055FD90086F93F /* Base */,
			);
			name = LaunchScreen.storyboard;
			sourceTree = "<group>";
		};
/* End PBXVariantGroup section */

/* Begin XCBuildConfiguration section */
		D8266AB624055FDA0086F93F /* Debug */ = {
			isa = XCBuildConfiguration;
			buildSettings = {
				ALWAYS_SEARCH_USER_PATHS = NO;
				CLANG_ANALYZER_NONNULL = YES;
				CLANG_ANALYZER_NUMBER_OBJECT_CONVERSION = YES_AGGRESSIVE;
				CLANG_CXX_LANGUAGE_STANDARD = "gnu++14";
				CLANG_CXX_LIBRARY = "libc++";
				CLANG_ENABLE_MODULES = YES;
				CLANG_ENABLE_OBJC_ARC = YES;
				CLANG_ENABLE_OBJC_WEAK = YES;
				CLANG_WARN_BLOCK_CAPTURE_AUTORELEASING = YES;
				CLANG_WARN_BOOL_CONVERSION = YES;
				CLANG_WARN_COMMA = YES;
				CLANG_WARN_CONSTANT_CONVERSION = YES;
				CLANG_WARN_DEPRECATED_OBJC_IMPLEMENTATIONS = YES;
				CLANG_WARN_DIRECT_OBJC_ISA_USAGE = YES_ERROR;
				CLANG_WARN_DOCUMENTATION_COMMENTS = YES;
				CLANG_WARN_EMPTY_BODY = YES;
				CLANG_WARN_ENUM_CONVERSION = YES;
				CLANG_WARN_INFINITE_RECURSION = YES;
				CLANG_WARN_INT_CONVERSION = YES;
				CLANG_WARN_NON_LITERAL_NULL_CONVERSION = YES;
				CLANG_WARN_OBJC_IMPLICIT_RETAIN_SELF = YES;
				CLANG_WARN_OBJC_LITERAL_CONVERSION = YES;
				CLANG_WARN_OBJC_ROOT_CLASS = YES_ERROR;
				CLANG_WARN_RANGE_LOOP_ANALYSIS = YES;
				CLANG_WARN_STRICT_PROTOTYPES = YES;
				CLANG_WARN_SUSPICIOUS_MOVE = YES;
				CLANG_WARN_UNGUARDED_AVAILABILITY = YES_AGGRESSIVE;
				CLANG_WARN_UNREACHABLE_CODE = YES;
				CLANG_WARN__DUPLICATE_METHOD_MATCH = YES;
				COPY_PHASE_STRIP = NO;
				DEBUG_INFORMATION_FORMAT = dwarf;
				ENABLE_STRICT_OBJC_MSGSEND = YES;
				ENABLE_TESTABILITY = YES;
				GCC_C_LANGUAGE_STANDARD = gnu11;
				GCC_DYNAMIC_NO_PIC = NO;
				GCC_NO_COMMON_BLOCKS = YES;
				GCC_OPTIMIZATION_LEVEL = 0;
				GCC_PREPROCESSOR_DEFINITIONS = (
					"DEBUG=1",
					"$(inherited)",
				);
				GCC_WARN_64_TO_32_BIT_CONVERSION = YES;
				GCC_WARN_ABOUT_RETURN_TYPE = YES_ERROR;
				GCC_WARN_UNDECLARED_SELECTOR = YES;
				GCC_WARN_UNINITIALIZED_AUTOS = YES_AGGRESSIVE;
				GCC_WARN_UNUSED_FUNCTION = YES;
				GCC_WARN_UNUSED_VARIABLE = YES;
				IPHONEOS_DEPLOYMENT_TARGET = 13.2;
				MTL_ENABLE_DEBUG_INFO = INCLUDE_SOURCE;
				MTL_FAST_MATH = YES;
				ONLY_ACTIVE_ARCH = YES;
				SDKROOT = iphoneos;
				SWIFT_ACTIVE_COMPILATION_CONDITIONS = DEBUG;
				SWIFT_OPTIMIZATION_LEVEL = "-Onone";
			};
			name = Debug;
		};
		D8266AB724055FDA0086F93F /* Release */ = {
			isa = XCBuildConfiguration;
			buildSettings = {
				ALWAYS_SEARCH_USER_PATHS = NO;
				CLANG_ANALYZER_NONNULL = YES;
				CLANG_ANALYZER_NUMBER_OBJECT_CONVERSION = YES_AGGRESSIVE;
				CLANG_CXX_LANGUAGE_STANDARD = "gnu++14";
				CLANG_CXX_LIBRARY = "libc++";
				CLANG_ENABLE_MODULES = YES;
				CLANG_ENABLE_OBJC_ARC = YES;
				CLANG_ENABLE_OBJC_WEAK = YES;
				CLANG_WARN_BLOCK_CAPTURE_AUTORELEASING = YES;
				CLANG_WARN_BOOL_CONVERSION = YES;
				CLANG_WARN_COMMA = YES;
				CLANG_WARN_CONSTANT_CONVERSION = YES;
				CLANG_WARN_DEPRECATED_OBJC_IMPLEMENTATIONS = YES;
				CLANG_WARN_DIRECT_OBJC_ISA_USAGE = YES_ERROR;
				CLANG_WARN_DOCUMENTATION_COMMENTS = YES;
				CLANG_WARN_EMPTY_BODY = YES;
				CLANG_WARN_ENUM_CONVERSION = YES;
				CLANG_WARN_INFINITE_RECURSION = YES;
				CLANG_WARN_INT_CONVERSION = YES;
				CLANG_WARN_NON_LITERAL_NULL_CONVERSION = YES;
				CLANG_WARN_OBJC_IMPLICIT_RETAIN_SELF = YES;
				CLANG_WARN_OBJC_LITERAL_CONVERSION = YES;
				CLANG_WARN_OBJC_ROOT_CLASS = YES_ERROR;
				CLANG_WARN_RANGE_LOOP_ANALYSIS = YES;
				CLANG_WARN_STRICT_PROTOTYPES = YES;
				CLANG_WARN_SUSPICIOUS_MOVE = YES;
				CLANG_WARN_UNGUARDED_AVAILABILITY = YES_AGGRESSIVE;
				CLANG_WARN_UNREACHABLE_CODE = YES;
				CLANG_WARN__DUPLICATE_METHOD_MATCH = YES;
				COPY_PHASE_STRIP = NO;
				DEBUG_INFORMATION_FORMAT = "dwarf-with-dsym";
				ENABLE_NS_ASSERTIONS = NO;
				ENABLE_STRICT_OBJC_MSGSEND = YES;
				GCC_C_LANGUAGE_STANDARD = gnu11;
				GCC_NO_COMMON_BLOCKS = YES;
				GCC_WARN_64_TO_32_BIT_CONVERSION = YES;
				GCC_WARN_ABOUT_RETURN_TYPE = YES_ERROR;
				GCC_WARN_UNDECLARED_SELECTOR = YES;
				GCC_WARN_UNINITIALIZED_AUTOS = YES_AGGRESSIVE;
				GCC_WARN_UNUSED_FUNCTION = YES;
				GCC_WARN_UNUSED_VARIABLE = YES;
				IPHONEOS_DEPLOYMENT_TARGET = 13.2;
				MTL_ENABLE_DEBUG_INFO = NO;
				MTL_FAST_MATH = YES;
				SDKROOT = iphoneos;
				SWIFT_COMPILATION_MODE = wholemodule;
				SWIFT_OPTIMIZATION_LEVEL = "-O";
				VALIDATE_PRODUCT = YES;
			};
			name = Release;
		};
		D8266AB924055FDA0086F93F /* Debug */ = {
			isa = XCBuildConfiguration;
			buildSettings = {
				ASSETCATALOG_COMPILER_APPICON_NAME = AppIcon;
				CODE_SIGN_STYLE = Automatic;
				DEVELOPMENT_TEAM = N2989BGQ2W;
				INFOPLIST_FILE = "MVVM-Example/Supporting Files/Info.plist";
				LD_RUNPATH_SEARCH_PATHS = (
					"$(inherited)",
					"@executable_path/Frameworks",
				);
				PRODUCT_BUNDLE_IDENTIFIER = "Amr.MVVM-Example";
				PRODUCT_NAME = "$(TARGET_NAME)";
				SWIFT_VERSION = 5.0;
				TARGETED_DEVICE_FAMILY = 1;
			};
			name = Debug;
		};
		D8266ABA24055FDA0086F93F /* Release */ = {
			isa = XCBuildConfiguration;
			buildSettings = {
				ASSETCATALOG_COMPILER_APPICON_NAME = AppIcon;
				CODE_SIGN_STYLE = Automatic;
				DEVELOPMENT_TEAM = N2989BGQ2W;
				INFOPLIST_FILE = "MVVM-Example/Supporting Files/Info.plist";
				LD_RUNPATH_SEARCH_PATHS = (
					"$(inherited)",
					"@executable_path/Frameworks",
				);
				PRODUCT_BUNDLE_IDENTIFIER = "Amr.MVVM-Example";
				PRODUCT_NAME = "$(TARGET_NAME)";
				SWIFT_VERSION = 5.0;
				TARGETED_DEVICE_FAMILY = 1;
			};
			name = Release;
		};
		D8266ABC24055FDA0086F93F /* Debug */ = {
			isa = XCBuildConfiguration;
			buildSettings = {
				ALWAYS_EMBED_SWIFT_STANDARD_LIBRARIES = YES;
				BUNDLE_LOADER = "$(TEST_HOST)";
				CODE_SIGN_STYLE = Automatic;
				DEVELOPMENT_TEAM = N2989BGQ2W;
				INFOPLIST_FILE = "MVVM-ExampleTests/Info.plist";
				IPHONEOS_DEPLOYMENT_TARGET = 13.2;
				LD_RUNPATH_SEARCH_PATHS = (
					"$(inherited)",
					"@executable_path/Frameworks",
					"@loader_path/Frameworks",
				);
				PRODUCT_BUNDLE_IDENTIFIER = "Amr.MVVM-ExampleTests";
				PRODUCT_NAME = "$(TARGET_NAME)";
				SWIFT_VERSION = 5.0;
				TARGETED_DEVICE_FAMILY = "1,2";
				TEST_HOST = "$(BUILT_PRODUCTS_DIR)/MVVM-Example.app/MVVM-Example";
			};
			name = Debug;
		};
		D8266ABD24055FDA0086F93F /* Release */ = {
			isa = XCBuildConfiguration;
			buildSettings = {
				ALWAYS_EMBED_SWIFT_STANDARD_LIBRARIES = YES;
				BUNDLE_LOADER = "$(TEST_HOST)";
				CODE_SIGN_STYLE = Automatic;
				DEVELOPMENT_TEAM = N2989BGQ2W;
				INFOPLIST_FILE = "MVVM-ExampleTests/Info.plist";
				IPHONEOS_DEPLOYMENT_TARGET = 13.2;
				LD_RUNPATH_SEARCH_PATHS = (
					"$(inherited)",
					"@executable_path/Frameworks",
					"@loader_path/Frameworks",
				);
				PRODUCT_BUNDLE_IDENTIFIER = "Amr.MVVM-ExampleTests";
				PRODUCT_NAME = "$(TARGET_NAME)";
				SWIFT_VERSION = 5.0;
				TARGETED_DEVICE_FAMILY = "1,2";
				TEST_HOST = "$(BUILT_PRODUCTS_DIR)/MVVM-Example.app/MVVM-Example";
			};
			name = Release;
		};
/* End XCBuildConfiguration section */

/* Begin XCConfigurationList section */
		D8266A9424055FD80086F93F /* Build configuration list for PBXProject "MVVM-Example" */ = {
			isa = XCConfigurationList;
			buildConfigurations = (
				D8266AB624055FDA0086F93F /* Debug */,
				D8266AB724055FDA0086F93F /* Release */,
			);
			defaultConfigurationIsVisible = 0;
			defaultConfigurationName = Release;
		};
		D8266AB824055FDA0086F93F /* Build configuration list for PBXNativeTarget "MVVM-Example" */ = {
			isa = XCConfigurationList;
			buildConfigurations = (
				D8266AB924055FDA0086F93F /* Debug */,
				D8266ABA24055FDA0086F93F /* Release */,
			);
			defaultConfigurationIsVisible = 0;
			defaultConfigurationName = Release;
		};
		D8266ABB24055FDA0086F93F /* Build configuration list for PBXNativeTarget "MVVM-ExampleTests" */ = {
			isa = XCConfigurationList;
			buildConfigurations = (
				D8266ABC24055FDA0086F93F /* Debug */,
				D8266ABD24055FDA0086F93F /* Release */,
			);
			defaultConfigurationIsVisible = 0;
			defaultConfigurationName = Release;
		};
/* End XCConfigurationList section */
	};
	rootObject = D8266A9124055FD80086F93F /* Project object */;
}
